
Microsoft Visual Studio Solution File, Format Version 12.00
# Visual Studio Version 16
VisualStudioVersion = 16.0.30907.101
MinimumVisualStudioVersion = 10.0.40219.1
Project("{8BC9CEB8-8B4A-11D0-8D11-00A0C91BC942}") = "лаб №7 метод итерац", "лаб №7 метод итерац\лаб №7 метод итерац.vcxproj", "{F0E984E4-06BB-4660-9E65-DED3A52F4023}"
EndProject
Global
	GlobalSection(SolutionConfigurationPlatforms) = preSolution
		Debug|x64 = Debug|x64
		Debug|x86 = Debug|x86
		Release|x64 = Release|x64
		Release|x86 = Release|x86
	EndGlobalSection
	GlobalSection(ProjectConfigurationPlatforms) = postSolution
		{F0E984E4-06BB-4660-9E65-DED3A52F4023}.Debug|x64.ActiveCfg = Debug|x64
		{F0E984E4-06BB-4660-9E65-DED3A52F4023}.Debug|x64.Build.0 = Debug|x64
		{F0E984E4-06BB-4660-9E65-DED3A52F4023}.Debug|x86.ActiveCfg = Debug|Win32
		{F0E984E4-06BB-4660-9E65-DED3A52F4023}.Debug|x86.Build.0 = Debug|Win32
		{F0E984E4-06BB-4660-9E65-DED3A52F4023}.Release|x64.ActiveCfg = Release|x64
		{F0E984E4-06BB-4660-9E65-DED3A52F4023}.Release|x64.Build.0 = Release|x64
		{F0E984E4-06BB-4660-9E65-DED3A52F4023}.Release|x86.ActiveCfg = Release|Win32
		{F0E984E4-06BB-4660-9E65-DED3A52F4023}.Release|x86.Build.0 = Release|Win32
	EndGlobalSection
	GlobalSection(SolutionProperties) = preSolution
		HideSolutionNode = FALSE
	EndGlobalSection
	GlobalSection(ExtensibilityGlobals) = postSolution
		SolutionGuid = {08985639-0420-498F-ABAE-D6B4659C64D0}
	EndGlobalSection
EndGlobal
